
Microsoft Visual Studio Solution File, Format Version 12.00
# Visual Studio Version 17
VisualStudioVersion = 17.2.32616.157
MinimumVisualStudioVersion = 10.0.40219.1
Project("{FAE04EC0-301F-11D3-BF4B-00C04F79EFBC}") = "B1TestTask1", "B1TestTask1\B1TestTask1.csproj", "{A64F8B72-B67D-4EBC-AB74-AD4392120FA5}"
EndProject
Global
	GlobalSection(SolutionConfigurationPlatforms) = preSolution
		Debug|Any CPU = Debug|Any CPU
		Release|Any CPU = Release|Any CPU
	EndGlobalSection
	GlobalSection(ProjectConfigurationPlatforms) = postSolution
		{A64F8B72-B67D-4EBC-AB74-AD4392120FA5}.Debug|Any CPU.ActiveCfg = Debug|Any CPU
		{A64F8B72-B67D-4EBC-AB74-AD4392120FA5}.Debug|Any CPU.Build.0 = Debug|Any CPU
		{A64F8B72-B67D-4EBC-AB74-AD4392120FA5}.Release|Any CPU.ActiveCfg = Release|Any CPU
		{A64F8B72-B67D-4EBC-AB74-AD4392120FA5}.Release|Any CPU.Build.0 = Release|Any CPU
	EndGlobalSection
	GlobalSection(SolutionProperties) = preSolution
		HideSolutionNode = FALSE
	EndGlobalSection
	GlobalSection(ExtensibilityGlobals) = postSolution
		SolutionGuid = {B18D7504-D453-4A4A-90E4-B6BE779F7795}
	EndGlobalSection
EndGlobal
